// !$*UTF8*$!
{
	archiveVersion = 1;
	classes = {
	};
	objectVersion = 55;
	objects = {

/* Begin PBXBuildFile section */
		675220F2276741EF007154ED /* HomeView.swift in Sources */ = {isa = PBXBuildFile; fileRef = 675220F1276741EF007154ED /* HomeView.swift */; };
		675220F52767425F007154ED /* catLook.json in Resources */ = {isa = PBXBuildFile; fileRef = 675220F42767425F007154ED /* catLook.json */; };
		675220F927674C6C007154ED /* AppleAuthenticator.swift in Sources */ = {isa = PBXBuildFile; fileRef = 675220F827674C6C007154ED /* AppleAuthenticator.swift */; };
		675220FB27674D51007154ED /* String.swift in Sources */ = {isa = PBXBuildFile; fileRef = 675220FA27674D51007154ED /* String.swift */; };
		675220FF27675154007154ED /* View.swift in Sources */ = {isa = PBXBuildFile; fileRef = 675220FE27675154007154ED /* View.swift */; };
		6752210127675180007154ED /* Font.swift in Sources */ = {isa = PBXBuildFile; fileRef = 6752210027675180007154ED /* Font.swift */; };
		67522103276751C2007154ED /* FileManager.swift in Sources */ = {isa = PBXBuildFile; fileRef = 67522102276751C2007154ED /* FileManager.swift */; };
		67522105276751E9007154ED /* System.swift in Sources */ = {isa = PBXBuildFile; fileRef = 67522104276751E9007154ED /* System.swift */; };
		67522107276751FB007154ED /* Colors.swift in Sources */ = {isa = PBXBuildFile; fileRef = 67522106276751FA007154ED /* Colors.swift */; };
		675221092767525D007154ED /* Double.swift in Sources */ = {isa = PBXBuildFile; fileRef = 675221082767525D007154ED /* Double.swift */; };
		6752210B27675279007154ED /* Bounds.swift in Sources */ = {isa = PBXBuildFile; fileRef = 6752210A27675279007154ED /* Bounds.swift */; };
		6752210D276752A6007154ED /* UserDefaults.swift in Sources */ = {isa = PBXBuildFile; fileRef = 6752210C276752A6007154ED /* UserDefaults.swift */; };
		6752211027675303007154ED /* Container Keys.swift in Sources */ = {isa = PBXBuildFile; fileRef = 6752210F27675303007154ED /* Container Keys.swift */; };
		677054CC2765099F00F01713 /* WisdomCardsApp.swift in Sources */ = {isa = PBXBuildFile; fileRef = 677054CB2765099F00F01713 /* WisdomCardsApp.swift */; };
		677054CE2765099F00F01713 /* ContentView.swift in Sources */ = {isa = PBXBuildFile; fileRef = 677054CD2765099F00F01713 /* ContentView.swift */; };
		677054D0276509A100F01713 /* Assets.xcassets in Resources */ = {isa = PBXBuildFile; fileRef = 677054CF276509A100F01713 /* Assets.xcassets */; };
		677054D3276509A100F01713 /* Preview Assets.xcassets in Resources */ = {isa = PBXBuildFile; fileRef = 677054D2276509A100F01713 /* Preview Assets.xcassets */; };
		677054D5276509A100F01713 /* Persistence.swift in Sources */ = {isa = PBXBuildFile; fileRef = 677054D4276509A100F01713 /* Persistence.swift */; };
		677054D8276509A100F01713 /* WisdomCards.xcdatamodeld in Sources */ = {isa = PBXBuildFile; fileRef = 677054D6276509A100F01713 /* WisdomCards.xcdatamodeld */; };
		677054E2276509A200F01713 /* WisdomCardsTests.swift in Sources */ = {isa = PBXBuildFile; fileRef = 677054E1276509A200F01713 /* WisdomCardsTests.swift */; };
		677054EC276509A200F01713 /* WisdomCardsUITests.swift in Sources */ = {isa = PBXBuildFile; fileRef = 677054EB276509A200F01713 /* WisdomCardsUITests.swift */; };
		677054EE276509A200F01713 /* WisdomCardsUITestsLaunchTests.swift in Sources */ = {isa = PBXBuildFile; fileRef = 677054ED276509A200F01713 /* WisdomCardsUITestsLaunchTests.swift */; };
		67760B7C27676B590006E6EF /* WaitingScreen.swift in Sources */ = {isa = PBXBuildFile; fileRef = 67760B7B27676B590006E6EF /* WaitingScreen.swift */; };
		67760B7E27676BD80006E6EF /* Date.swift in Sources */ = {isa = PBXBuildFile; fileRef = 67760B7D27676BD80006E6EF /* Date.swift */; };
		67760B8127676C0B0006E6EF /* FlipClockVM.swift in Sources */ = {isa = PBXBuildFile; fileRef = 67760B8027676C0B0006E6EF /* FlipClockVM.swift */; };
		67760B8427676C5D0006E6EF /* FlipCell.swift in Sources */ = {isa = PBXBuildFile; fileRef = 67760B8327676C5D0006E6EF /* FlipCell.swift */; };
		67760B8627676C960006E6EF /* FlipContainer.swift in Sources */ = {isa = PBXBuildFile; fileRef = 67760B8527676C960006E6EF /* FlipContainer.swift */; };
		67760B8827676CAE0006E6EF /* FlipClockView.swift in Sources */ = {isa = PBXBuildFile; fileRef = 67760B8727676CAE0006E6EF /* FlipClockView.swift */; };
		67760B8B27677EC00006E6EF /* User Repository.swift in Sources */ = {isa = PBXBuildFile; fileRef = 67760B8A27677EC00006E6EF /* User Repository.swift */; };
		67760B8D27677F070006E6EF /* UserModel.swift in Sources */ = {isa = PBXBuildFile; fileRef = 67760B8C27677F070006E6EF /* UserModel.swift */; };
		677BE9CC2766FA3F0031F837 /* AuthView.swift in Sources */ = {isa = PBXBuildFile; fileRef = 677BE9CB2766FA3F0031F837 /* AuthView.swift */; };
		677BE9CF276701270031F837 /* OneSignal in Frameworks */ = {isa = PBXBuildFile; productRef = 677BE9CE276701270031F837 /* OneSignal */; };
		6785710027670EE400C8AFD6 /* FirebaseAnalytics in Frameworks */ = {isa = PBXBuildFile; productRef = 678570FF27670EE400C8AFD6 /* FirebaseAnalytics */; };
		6785710227670EE400C8AFD6 /* FirebaseAuth in Frameworks */ = {isa = PBXBuildFile; productRef = 6785710127670EE400C8AFD6 /* FirebaseAuth */; };
		6785710427670EE400C8AFD6 /* FirebaseAuthCombine-Community in Frameworks */ = {isa = PBXBuildFile; productRef = 6785710327670EE400C8AFD6 /* FirebaseAuthCombine-Community */; };
		6785710627670EE400C8AFD6 /* FirebaseCrashlytics in Frameworks */ = {isa = PBXBuildFile; productRef = 6785710527670EE400C8AFD6 /* FirebaseCrashlytics */; };
		6785710827670EE400C8AFD6 /* FirebaseDynamicLinks in Frameworks */ = {isa = PBXBuildFile; productRef = 6785710727670EE400C8AFD6 /* FirebaseDynamicLinks */; };
		6785710A27670EE400C8AFD6 /* FirebaseFirestore in Frameworks */ = {isa = PBXBuildFile; productRef = 6785710927670EE400C8AFD6 /* FirebaseFirestore */; };
		6785710C27670EE400C8AFD6 /* FirebaseFirestoreCombine-Community in Frameworks */ = {isa = PBXBuildFile; productRef = 6785710B27670EE400C8AFD6 /* FirebaseFirestoreCombine-Community */; };
		6785710E27670EE400C8AFD6 /* FirebaseFirestoreSwift-Beta in Frameworks */ = {isa = PBXBuildFile; productRef = 6785710D27670EE400C8AFD6 /* FirebaseFirestoreSwift-Beta */; };
		6785711027670EE400C8AFD6 /* FirebaseInAppMessaging-Beta in Frameworks */ = {isa = PBXBuildFile; productRef = 6785710F27670EE400C8AFD6 /* FirebaseInAppMessaging-Beta */; };
		6785711227670EE400C8AFD6 /* FirebaseInAppMessagingSwift-Beta in Frameworks */ = {isa = PBXBuildFile; productRef = 6785711127670EE400C8AFD6 /* FirebaseInAppMessagingSwift-Beta */; };
		6785711427670EE400C8AFD6 /* FirebaseRemoteConfig in Frameworks */ = {isa = PBXBuildFile; productRef = 6785711327670EE400C8AFD6 /* FirebaseRemoteConfig */; };
		678571182767180500C8AFD6 /* AuthViewModel.swift in Sources */ = {isa = PBXBuildFile; fileRef = 678571172767180500C8AFD6 /* AuthViewModel.swift */; };
		6785711A27671D3700C8AFD6 /* RootViewModel.swift in Sources */ = {isa = PBXBuildFile; fileRef = 6785711927671D3700C8AFD6 /* RootViewModel.swift */; };
		6785711C27671E7B00C8AFD6 /* AuthServiceProvider.swift in Sources */ = {isa = PBXBuildFile; fileRef = 6785711B27671E7B00C8AFD6 /* AuthServiceProvider.swift */; };
		67A66C84276724C800BA9945 /* GoogleSignIn in Frameworks */ = {isa = PBXBuildFile; productRef = 67A66C83276724C800BA9945 /* GoogleSignIn */; };
		67ED030E276726C600EB554D /* GoogleAuthenticator.swift in Sources */ = {isa = PBXBuildFile; fileRef = 67ED030D276726C600EB554D /* GoogleAuthenticator.swift */; };
		67ED031227672CDF00EB554D /* App Secrets.swift in Sources */ = {isa = PBXBuildFile; fileRef = 67ED031127672CDF00EB554D /* App Secrets.swift */; };
		67F308292765B8D100523C38 /* AppDelegate.swift in Sources */ = {isa = PBXBuildFile; fileRef = 67F308282765B8D100523C38 /* AppDelegate.swift */; };
		67F3083F2765C18C00523C38 /* Lottie in Frameworks */ = {isa = PBXBuildFile; productRef = 67F3083E2765C18C00523C38 /* Lottie */; };
		67F308422765C1CA00523C38 /* GoogleService-Info.plist in Resources */ = {isa = PBXBuildFile; fileRef = 67F308412765C1CA00523C38 /* GoogleService-Info.plist */; };
/* End PBXBuildFile section */

/* Begin PBXContainerItemProxy section */
		677054DE276509A200F01713 /* PBXContainerItemProxy */ = {
			isa = PBXContainerItemProxy;
			containerPortal = 677054C02765099F00F01713 /* Project object */;
			proxyType = 1;
			remoteGlobalIDString = 677054C72765099F00F01713;
			remoteInfo = WisdomCards;
		};
		677054E8276509A200F01713 /* PBXContainerItemProxy */ = {
			isa = PBXContainerItemProxy;
			containerPortal = 677054C02765099F00F01713 /* Project object */;
			proxyType = 1;
			remoteGlobalIDString = 677054C72765099F00F01713;
			remoteInfo = WisdomCards;
		};
/* End PBXContainerItemProxy section */

/* Begin PBXFileReference section */
		675220F1276741EF007154ED /* HomeView.swift */ = {isa = PBXFileReference; lastKnownFileType = sourcecode.swift; path = HomeView.swift; sourceTree = "<group>"; };
		675220F42767425F007154ED /* catLook.json */ = {isa = PBXFileReference; fileEncoding = 4; lastKnownFileType = text.json; path = catLook.json; sourceTree = "<group>"; };
		675220F827674C6C007154ED /* AppleAuthenticator.swift */ = {isa = PBXFileReference; lastKnownFileType = sourcecode.swift; path = AppleAuthenticator.swift; sourceTree = "<group>"; };
		675220FA27674D51007154ED /* String.swift */ = {isa = PBXFileReference; lastKnownFileType = sourcecode.swift; path = String.swift; sourceTree = "<group>"; };
		675220FE27675154007154ED /* View.swift */ = {isa = PBXFileReference; lastKnownFileType = sourcecode.swift; path = View.swift; sourceTree = "<group>"; };
		6752210027675180007154ED /* Font.swift */ = {isa = PBXFileReference; lastKnownFileType = sourcecode.swift; path = Font.swift; sourceTree = "<group>"; };
		67522102276751C2007154ED /* FileManager.swift */ = {isa = PBXFileReference; lastKnownFileType = sourcecode.swift; path = FileManager.swift; sourceTree = "<group>"; };
		67522104276751E9007154ED /* System.swift */ = {isa = PBXFileReference; lastKnownFileType = sourcecode.swift; path = System.swift; sourceTree = "<group>"; };
		67522106276751FA007154ED /* Colors.swift */ = {isa = PBXFileReference; lastKnownFileType = sourcecode.swift; path = Colors.swift; sourceTree = "<group>"; };
		675221082767525D007154ED /* Double.swift */ = {isa = PBXFileReference; lastKnownFileType = sourcecode.swift; path = Double.swift; sourceTree = "<group>"; };
		6752210A27675279007154ED /* Bounds.swift */ = {isa = PBXFileReference; lastKnownFileType = sourcecode.swift; path = Bounds.swift; sourceTree = "<group>"; };
		6752210C276752A6007154ED /* UserDefaults.swift */ = {isa = PBXFileReference; lastKnownFileType = sourcecode.swift; path = UserDefaults.swift; sourceTree = "<group>"; };
		6752210F27675303007154ED /* Container Keys.swift */ = {isa = PBXFileReference; lastKnownFileType = sourcecode.swift; path = "Container Keys.swift"; sourceTree = "<group>"; };
		677054C82765099F00F01713 /* WisdomCards.app */ = {isa = PBXFileReference; explicitFileType = wrapper.application; includeInIndex = 0; path = WisdomCards.app; sourceTree = BUILT_PRODUCTS_DIR; };
		677054CB2765099F00F01713 /* WisdomCardsApp.swift */ = {isa = PBXFileReference; lastKnownFileType = sourcecode.swift; path = WisdomCardsApp.swift; sourceTree = "<group>"; };
		677054CD2765099F00F01713 /* ContentView.swift */ = {isa = PBXFileReference; lastKnownFileType = sourcecode.swift; path = ContentView.swift; sourceTree = "<group>"; };
		677054CF276509A100F01713 /* Assets.xcassets */ = {isa = PBXFileReference; lastKnownFileType = folder.assetcatalog; path = Assets.xcassets; sourceTree = "<group>"; };
		677054D2276509A100F01713 /* Preview Assets.xcassets */ = {isa = PBXFileReference; lastKnownFileType = folder.assetcatalog; path = "Preview Assets.xcassets"; sourceTree = "<group>"; };
		677054D4276509A100F01713 /* Persistence.swift */ = {isa = PBXFileReference; lastKnownFileType = sourcecode.swift; path = Persistence.swift; sourceTree = "<group>"; };
		677054D7276509A100F01713 /* WisdomCards.xcdatamodel */ = {isa = PBXFileReference; lastKnownFileType = wrapper.xcdatamodel; path = WisdomCards.xcdatamodel; sourceTree = "<group>"; };
		677054DD276509A200F01713 /* WisdomCardsTests.xctest */ = {isa = PBXFileReference; explicitFileType = wrapper.cfbundle; includeInIndex = 0; path = WisdomCardsTests.xctest; sourceTree = BUILT_PRODUCTS_DIR; };
		677054E1276509A200F01713 /* WisdomCardsTests.swift */ = {isa = PBXFileReference; lastKnownFileType = sourcecode.swift; path = WisdomCardsTests.swift; sourceTree = "<group>"; };
		677054E7276509A200F01713 /* WisdomCardsUITests.xctest */ = {isa = PBXFileReference; explicitFileType = wrapper.cfbundle; includeInIndex = 0; path = WisdomCardsUITests.xctest; sourceTree = BUILT_PRODUCTS_DIR; };
		677054EB276509A200F01713 /* WisdomCardsUITests.swift */ = {isa = PBXFileReference; lastKnownFileType = sourcecode.swift; path = WisdomCardsUITests.swift; sourceTree = "<group>"; };
		677054ED276509A200F01713 /* WisdomCardsUITestsLaunchTests.swift */ = {isa = PBXFileReference; lastKnownFileType = sourcecode.swift; path = WisdomCardsUITestsLaunchTests.swift; sourceTree = "<group>"; };
		67760B7B27676B590006E6EF /* WaitingScreen.swift */ = {isa = PBXFileReference; lastKnownFileType = sourcecode.swift; path = WaitingScreen.swift; sourceTree = "<group>"; };
		67760B7D27676BD80006E6EF /* Date.swift */ = {isa = PBXFileReference; lastKnownFileType = sourcecode.swift; path = Date.swift; sourceTree = "<group>"; };
		67760B8027676C0B0006E6EF /* FlipClockVM.swift */ = {isa = PBXFileReference; lastKnownFileType = sourcecode.swift; path = FlipClockVM.swift; sourceTree = "<group>"; };
		67760B8327676C5D0006E6EF /* FlipCell.swift */ = {isa = PBXFileReference; lastKnownFileType = sourcecode.swift; path = FlipCell.swift; sourceTree = "<group>"; };
		67760B8527676C960006E6EF /* FlipContainer.swift */ = {isa = PBXFileReference; lastKnownFileType = sourcecode.swift; path = FlipContainer.swift; sourceTree = "<group>"; };
		67760B8727676CAE0006E6EF /* FlipClockView.swift */ = {isa = PBXFileReference; lastKnownFileType = sourcecode.swift; path = FlipClockView.swift; sourceTree = "<group>"; };
		67760B8A27677EC00006E6EF /* User Repository.swift */ = {isa = PBXFileReference; lastKnownFileType = sourcecode.swift; path = "User Repository.swift"; sourceTree = "<group>"; };
		67760B8C27677F070006E6EF /* UserModel.swift */ = {isa = PBXFileReference; lastKnownFileType = sourcecode.swift; path = UserModel.swift; sourceTree = "<group>"; };
		677BE9CB2766FA3F0031F837 /* AuthView.swift */ = {isa = PBXFileReference; lastKnownFileType = sourcecode.swift; path = AuthView.swift; sourceTree = "<group>"; };
		678571172767180500C8AFD6 /* AuthViewModel.swift */ = {isa = PBXFileReference; lastKnownFileType = sourcecode.swift; path = AuthViewModel.swift; sourceTree = "<group>"; };
		6785711927671D3700C8AFD6 /* RootViewModel.swift */ = {isa = PBXFileReference; lastKnownFileType = sourcecode.swift; path = RootViewModel.swift; sourceTree = "<group>"; };
		6785711B27671E7B00C8AFD6 /* AuthServiceProvider.swift */ = {isa = PBXFileReference; lastKnownFileType = sourcecode.swift; path = AuthServiceProvider.swift; sourceTree = "<group>"; };
		67ED030D276726C600EB554D /* GoogleAuthenticator.swift */ = {isa = PBXFileReference; lastKnownFileType = sourcecode.swift; path = GoogleAuthenticator.swift; sourceTree = "<group>"; };
		67ED031127672CDF00EB554D /* App Secrets.swift */ = {isa = PBXFileReference; lastKnownFileType = sourcecode.swift; path = "App Secrets.swift"; sourceTree = "<group>"; };
		67F308282765B8D100523C38 /* AppDelegate.swift */ = {isa = PBXFileReference; lastKnownFileType = sourcecode.swift; path = AppDelegate.swift; sourceTree = "<group>"; };
		67F308402765C1A400523C38 /* Info.plist */ = {isa = PBXFileReference; lastKnownFileType = text.plist; path = Info.plist; sourceTree = "<group>"; };
		67F308412765C1CA00523C38 /* GoogleService-Info.plist */ = {isa = PBXFileReference; fileEncoding = 4; lastKnownFileType = text.plist.xml; path = "GoogleService-Info.plist"; sourceTree = "<group>"; };
/* End PBXFileReference section */

/* Begin PBXFrameworksBuildPhase section */
		677054C52765099F00F01713 /* Frameworks */ = {
			isa = PBXFrameworksBuildPhase;
			buildActionMask = 2147483647;
			files = (
				67F3083F2765C18C00523C38 /* Lottie in Frameworks */,
				677BE9CF276701270031F837 /* OneSignal in Frameworks */,
				6785710027670EE400C8AFD6 /* FirebaseAnalytics in Frameworks */,
				6785710C27670EE400C8AFD6 /* FirebaseFirestoreCombine-Community in Frameworks */,
				6785710627670EE400C8AFD6 /* FirebaseCrashlytics in Frameworks */,
				6785710227670EE400C8AFD6 /* FirebaseAuth in Frameworks */,
				6785711027670EE400C8AFD6 /* FirebaseInAppMessaging-Beta in Frameworks */,
				6785710A27670EE400C8AFD6 /* FirebaseFirestore in Frameworks */,
				6785710E27670EE400C8AFD6 /* FirebaseFirestoreSwift-Beta in Frameworks */,
				6785710827670EE400C8AFD6 /* FirebaseDynamicLinks in Frameworks */,
				6785711427670EE400C8AFD6 /* FirebaseRemoteConfig in Frameworks */,
				6785711227670EE400C8AFD6 /* FirebaseInAppMessagingSwift-Beta in Frameworks */,
				6785710427670EE400C8AFD6 /* FirebaseAuthCombine-Community in Frameworks */,
				67A66C84276724C800BA9945 /* GoogleSignIn in Frameworks */,
			);
			runOnlyForDeploymentPostprocessing = 0;
		};
		677054DA276509A200F01713 /* Frameworks */ = {
			isa = PBXFrameworksBuildPhase;
			buildActionMask = 2147483647;
			files = (
			);
			runOnlyForDeploymentPostprocessing = 0;
		};
		677054E4276509A200F01713 /* Frameworks */ = {
			isa = PBXFrameworksBuildPhase;
			buildActionMask = 2147483647;
			files = (
			);
			runOnlyForDeploymentPostprocessing = 0;
		};
/* End PBXFrameworksBuildPhase section */

/* Begin PBXGroup section */
		675220F0276741E4007154ED /* Home Screens */ = {
			isa = PBXGroup;
			children = (
				675220F1276741EF007154ED /* HomeView.swift */,
				67760B7B27676B590006E6EF /* WaitingScreen.swift */,
			);
			path = "Home Screens";
			sourceTree = "<group>";
		};
		675220F327674255007154ED /* Lottie Files */ = {
			isa = PBXGroup;
			children = (
				675220F42767425F007154ED /* catLook.json */,
			);
			path = "Lottie Files";
			sourceTree = "<group>";
		};
		675220F627674595007154ED /* Extensions */ = {
			isa = PBXGroup;
			children = (
				675220FD27675145007154ED /* UI Extensions */,
				675220FC27674D54007154ED /* Type Features */,
			);
			path = Extensions;
			sourceTree = "<group>";
		};
		675220F727674C4F007154ED /* Auth Providers */ = {
			isa = PBXGroup;
			children = (
				6785711B27671E7B00C8AFD6 /* AuthServiceProvider.swift */,
				67ED030D276726C600EB554D /* GoogleAuthenticator.swift */,
				675220F827674C6C007154ED /* AppleAuthenticator.swift */,
			);
			path = "Auth Providers";
			sourceTree = "<group>";
		};
		675220FC27674D54007154ED /* Type Features */ = {
			isa = PBXGroup;
			children = (
				675220FA27674D51007154ED /* String.swift */,
				675221082767525D007154ED /* Double.swift */,
				67760B7D27676BD80006E6EF /* Date.swift */,
				6752210A27675279007154ED /* Bounds.swift */,
				6752210C276752A6007154ED /* UserDefaults.swift */,
			);
			path = "Type Features";
			sourceTree = "<group>";
		};
		675220FD27675145007154ED /* UI Extensions */ = {
			isa = PBXGroup;
			children = (
				675220FE27675154007154ED /* View.swift */,
				67522106276751FA007154ED /* Colors.swift */,
				67522102276751C2007154ED /* FileManager.swift */,
				67522104276751E9007154ED /* System.swift */,
				6752210027675180007154ED /* Font.swift */,
			);
			path = "UI Extensions";
			sourceTree = "<group>";
		};
		6752210E276752E0007154ED /* Constants */ = {
			isa = PBXGroup;
			children = (
				67ED031127672CDF00EB554D /* App Secrets.swift */,
				6752210F27675303007154ED /* Container Keys.swift */,
			);
			path = Constants;
			sourceTree = "<group>";
		};
		677054BF2765099F00F01713 = {
			isa = PBXGroup;
			children = (
				677054CA2765099F00F01713 /* WisdomCards */,
				677054E0276509A200F01713 /* WisdomCardsTests */,
				677054EA276509A200F01713 /* WisdomCardsUITests */,
				677054C92765099F00F01713 /* Products */,
			);
			sourceTree = "<group>";
		};
		677054C92765099F00F01713 /* Products */ = {
			isa = PBXGroup;
			children = (
				677054C82765099F00F01713 /* WisdomCards.app */,
				677054DD276509A200F01713 /* WisdomCardsTests.xctest */,
				677054E7276509A200F01713 /* WisdomCardsUITests.xctest */,
			);
			name = Products;
			sourceTree = "<group>";
		};
		677054CA2765099F00F01713 /* WisdomCards */ = {
			isa = PBXGroup;
			children = (
				67F308402765C1A400523C38 /* Info.plist */,
				67F308412765C1CA00523C38 /* GoogleService-Info.plist */,
				677054CB2765099F00F01713 /* WisdomCardsApp.swift */,
				677BE9C22766F90C0031F837 /* Views */,
				677BE9C32766F9140031F837 /* View Models */,
				677BE9C42766F91C0031F837 /* Models */,
				677BE9C52766F9210031F837 /* Service */,
				677BE9C62766F9280031F837 /* Repository */,
				675220F627674595007154ED /* Extensions */,
				677BE9C82766F9530031F837 /* Shared Components */,
				677BE9C72766F92F0031F837 /* Resources */,
				677054CF276509A100F01713 /* Assets.xcassets */,
				677054D4276509A100F01713 /* Persistence.swift */,
				677054D6276509A100F01713 /* WisdomCards.xcdatamodeld */,
				677054D1276509A100F01713 /* Preview Content */,
			);
			path = WisdomCards;
			sourceTree = "<group>";
		};
		677054D1276509A100F01713 /* Preview Content */ = {
			isa = PBXGroup;
			children = (
				677054D2276509A100F01713 /* Preview Assets.xcassets */,
			);
			path = "Preview Content";
			sourceTree = "<group>";
		};
		677054E0276509A200F01713 /* WisdomCardsTests */ = {
			isa = PBXGroup;
			children = (
				677054E1276509A200F01713 /* WisdomCardsTests.swift */,
			);
			path = WisdomCardsTests;
			sourceTree = "<group>";
		};
		677054EA276509A200F01713 /* WisdomCardsUITests */ = {
			isa = PBXGroup;
			children = (
				677054EB276509A200F01713 /* WisdomCardsUITests.swift */,
				677054ED276509A200F01713 /* WisdomCardsUITestsLaunchTests.swift */,
			);
			path = WisdomCardsUITests;
			sourceTree = "<group>";
		};
		67760B7F27676BFB0006E6EF /* Home Screen VM */ = {
			isa = PBXGroup;
			children = (
				67760B8027676C0B0006E6EF /* FlipClockVM.swift */,
			);
			path = "Home Screen VM";
			sourceTree = "<group>";
		};
		67760B8227676C4D0006E6EF /* FlipClock */ = {
			isa = PBXGroup;
			children = (
				67760B8327676C5D0006E6EF /* FlipCell.swift */,
				67760B8527676C960006E6EF /* FlipContainer.swift */,
				67760B8727676CAE0006E6EF /* FlipClockView.swift */,
			);
			name = FlipClock;
			sourceTree = "<group>";
		};
		67760B8927677D4B0006E6EF /* Firestore Providers */ = {
			isa = PBXGroup;
			children = (
				67760B8A27677EC00006E6EF /* User Repository.swift */,
			);
			path = "Firestore Providers";
			sourceTree = "<group>";
		};
		677BE9C22766F90C0031F837 /* Views */ = {
			isa = PBXGroup;
			children = (
				677BE9C92766F97A0031F837 /* Root */,
				677BE9CA2766FA120031F837 /* Authentication Screens */,
				675220F0276741E4007154ED /* Home Screens */,
			);
			path = Views;
			sourceTree = "<group>";
		};
		677BE9C32766F9140031F837 /* View Models */ = {
			isa = PBXGroup;
			children = (
				678571172767180500C8AFD6 /* AuthViewModel.swift */,
				6785711927671D3700C8AFD6 /* RootViewModel.swift */,
				67760B7F27676BFB0006E6EF /* Home Screen VM */,
			);
			path = "View Models";
			sourceTree = "<group>";
		};
		677BE9C42766F91C0031F837 /* Models */ = {
			isa = PBXGroup;
			children = (
				67760B8C27677F070006E6EF /* UserModel.swift */,
			);
			path = Models;
			sourceTree = "<group>";
		};
		677BE9C52766F9210031F837 /* Service */ = {
			isa = PBXGroup;
			children = (
				675220F727674C4F007154ED /* Auth Providers */,
				67760B8927677D4B0006E6EF /* Firestore Providers */,
			);
			path = Service;
			sourceTree = "<group>";
		};
		677BE9C62766F9280031F837 /* Repository */ = {
			isa = PBXGroup;
			children = (
				6752210E276752E0007154ED /* Constants */,
			);
			path = Repository;
			sourceTree = "<group>";
		};
		677BE9C72766F92F0031F837 /* Resources */ = {
			isa = PBXGroup;
			children = (
				675220F327674255007154ED /* Lottie Files */,
			);
			path = Resources;
			sourceTree = "<group>";
		};
		677BE9C82766F9530031F837 /* Shared Components */ = {
			isa = PBXGroup;
			children = (
				67760B8227676C4D0006E6EF /* FlipClock */,
			);
			path = "Shared Components";
			sourceTree = "<group>";
		};
		677BE9C92766F97A0031F837 /* Root */ = {
			isa = PBXGroup;
			children = (
				67F308282765B8D100523C38 /* AppDelegate.swift */,
				677054CD2765099F00F01713 /* ContentView.swift */,
			);
			path = Root;
			sourceTree = "<group>";
		};
		677BE9CA2766FA120031F837 /* Authentication Screens */ = {
			isa = PBXGroup;
			children = (
				677BE9CB2766FA3F0031F837 /* AuthView.swift */,
			);
			path = "Authentication Screens";
			sourceTree = "<group>";
		};
/* End PBXGroup section */

/* Begin PBXNativeTarget section */
		677054C72765099F00F01713 /* WisdomCards */ = {
			isa = PBXNativeTarget;
			buildConfigurationList = 677054F1276509A200F01713 /* Build configuration list for PBXNativeTarget "WisdomCards" */;
			buildPhases = (
				677054C42765099F00F01713 /* Sources */,
				677054C52765099F00F01713 /* Frameworks */,
				677054C62765099F00F01713 /* Resources */,
			);
			buildRules = (
			);
			dependencies = (
			);
			name = WisdomCards;
			packageProductDependencies = (
				67F3083E2765C18C00523C38 /* Lottie */,
				677BE9CE276701270031F837 /* OneSignal */,
				678570FF27670EE400C8AFD6 /* FirebaseAnalytics */,
				6785710127670EE400C8AFD6 /* FirebaseAuth */,
				6785710327670EE400C8AFD6 /* FirebaseAuthCombine-Community */,
				6785710527670EE400C8AFD6 /* FirebaseCrashlytics */,
				6785710727670EE400C8AFD6 /* FirebaseDynamicLinks */,
				6785710927670EE400C8AFD6 /* FirebaseFirestore */,
				6785710B27670EE400C8AFD6 /* FirebaseFirestoreCombine-Community */,
				6785710D27670EE400C8AFD6 /* FirebaseFirestoreSwift-Beta */,
				6785710F27670EE400C8AFD6 /* FirebaseInAppMessaging-Beta */,
				6785711127670EE400C8AFD6 /* FirebaseInAppMessagingSwift-Beta */,
				6785711327670EE400C8AFD6 /* FirebaseRemoteConfig */,
				67A66C83276724C800BA9945 /* GoogleSignIn */,
			);
			productName = WisdomCards;
			productReference = 677054C82765099F00F01713 /* WisdomCards.app */;
			productType = "com.apple.product-type.application";
		};
		677054DC276509A200F01713 /* WisdomCardsTests */ = {
			isa = PBXNativeTarget;
			buildConfigurationList = 677054F4276509A200F01713 /* Build configuration list for PBXNativeTarget "WisdomCardsTests" */;
			buildPhases = (
				677054D9276509A200F01713 /* Sources */,
				677054DA276509A200F01713 /* Frameworks */,
				677054DB276509A200F01713 /* Resources */,
			);
			buildRules = (
			);
			dependencies = (
				677054DF276509A200F01713 /* PBXTargetDependency */,
			);
			name = WisdomCardsTests;
			productName = WisdomCardsTests;
			productReference = 677054DD276509A200F01713 /* WisdomCardsTests.xctest */;
			productType = "com.apple.product-type.bundle.unit-test";
		};
		677054E6276509A200F01713 /* WisdomCardsUITests */ = {
			isa = PBXNativeTarget;
			buildConfigurationList = 677054F7276509A200F01713 /* Build configuration list for PBXNativeTarget "WisdomCardsUITests" */;
			buildPhases = (
				677054E3276509A200F01713 /* Sources */,
				677054E4276509A200F01713 /* Frameworks */,
				677054E5276509A200F01713 /* Resources */,
			);
			buildRules = (
			);
			dependencies = (
				677054E9276509A200F01713 /* PBXTargetDependency */,
			);
			name = WisdomCardsUITests;
			productName = WisdomCardsUITests;
			productReference = 677054E7276509A200F01713 /* WisdomCardsUITests.xctest */;
			productType = "com.apple.product-type.bundle.ui-testing";
		};
/* End PBXNativeTarget section */

/* Begin PBXProject section */
		677054C02765099F00F01713 /* Project object */ = {
			isa = PBXProject;
			attributes = {
				BuildIndependentTargetsInParallel = 1;
				LastSwiftUpdateCheck = 1310;
				LastUpgradeCheck = 1310;
				TargetAttributes = {
					677054C72765099F00F01713 = {
						CreatedOnToolsVersion = 13.1;
					};
					677054DC276509A200F01713 = {
						CreatedOnToolsVersion = 13.1;
						TestTargetID = 677054C72765099F00F01713;
					};
					677054E6276509A200F01713 = {
						CreatedOnToolsVersion = 13.1;
						TestTargetID = 677054C72765099F00F01713;
					};
				};
			};
			buildConfigurationList = 677054C32765099F00F01713 /* Build configuration list for PBXProject "WisdomCards" */;
			compatibilityVersion = "Xcode 13.0";
			developmentRegion = en;
			hasScannedForEncodings = 0;
			knownRegions = (
				en,
				Base,
			);
			mainGroup = 677054BF2765099F00F01713;
			packageReferences = (
				67F3083D2765C18B00523C38 /* XCRemoteSwiftPackageReference "lottie-ios" */,
				677BE9CD276701270031F837 /* XCRemoteSwiftPackageReference "OneSignal-iOS-SDK" */,
				678570FE27670EE400C8AFD6 /* XCRemoteSwiftPackageReference "firebase-ios-sdk" */,
				67A66C82276724C800BA9945 /* XCRemoteSwiftPackageReference "GoogleSignIn-iOS" */,
			);
			productRefGroup = 677054C92765099F00F01713 /* Products */;
			projectDirPath = "";
			projectRoot = "";
			targets = (
				677054C72765099F00F01713 /* WisdomCards */,
				677054DC276509A200F01713 /* WisdomCardsTests */,
				677054E6276509A200F01713 /* WisdomCardsUITests */,
			);
		};
/* End PBXProject section */

/* Begin PBXResourcesBuildPhase section */
		677054C62765099F00F01713 /* Resources */ = {
			isa = PBXResourcesBuildPhase;
			buildActionMask = 2147483647;
			files = (
				677054D3276509A100F01713 /* Preview Assets.xcassets in Resources */,
				675220F52767425F007154ED /* catLook.json in Resources */,
				677054D0276509A100F01713 /* Assets.xcassets in Resources */,
				67F308422765C1CA00523C38 /* GoogleService-Info.plist in Resources */,
			);
			runOnlyForDeploymentPostprocessing = 0;
		};
		677054DB276509A200F01713 /* Resources */ = {
			isa = PBXResourcesBuildPhase;
			buildActionMask = 2147483647;
			files = (
			);
			runOnlyForDeploymentPostprocessing = 0;
		};
		677054E5276509A200F01713 /* Resources */ = {
			isa = PBXResourcesBuildPhase;
			buildActionMask = 2147483647;
			files = (
			);
			runOnlyForDeploymentPostprocessing = 0;
		};
/* End PBXResourcesBuildPhase section */

/* Begin PBXSourcesBuildPhase section */
		677054C42765099F00F01713 /* Sources */ = {
			isa = PBXSourcesBuildPhase;
			buildActionMask = 2147483647;
			files = (
				67522103276751C2007154ED /* FileManager.swift in Sources */,
				67760B7C27676B590006E6EF /* WaitingScreen.swift in Sources */,
				67760B8127676C0B0006E6EF /* FlipClockVM.swift in Sources */,
				67ED030E276726C600EB554D /* GoogleAuthenticator.swift in Sources */,
				677054D8276509A100F01713 /* WisdomCards.xcdatamodeld in Sources */,
				675220FF27675154007154ED /* View.swift in Sources */,
				677054D5276509A100F01713 /* Persistence.swift in Sources */,
				67760B8B27677EC00006E6EF /* User Repository.swift in Sources */,
				67760B7E27676BD80006E6EF /* Date.swift in Sources */,
				67760B8627676C960006E6EF /* FlipContainer.swift in Sources */,
				67760B8427676C5D0006E6EF /* FlipCell.swift in Sources */,
				677BE9CC2766FA3F0031F837 /* AuthView.swift in Sources */,
				675220FB27674D51007154ED /* String.swift in Sources */,
				67760B8D27677F070006E6EF /* UserModel.swift in Sources */,
				675220F927674C6C007154ED /* AppleAuthenticator.swift in Sources */,
				6785711C27671E7B00C8AFD6 /* AuthServiceProvider.swift in Sources */,
				678571182767180500C8AFD6 /* AuthViewModel.swift in Sources */,
				677054CE2765099F00F01713 /* ContentView.swift in Sources */,
				67ED031227672CDF00EB554D /* App Secrets.swift in Sources */,
				67522107276751FB007154ED /* Colors.swift in Sources */,
				67F308292765B8D100523C38 /* AppDelegate.swift in Sources */,
				6752210D276752A6007154ED /* UserDefaults.swift in Sources */,
				6752210127675180007154ED /* Font.swift in Sources */,
				6752210B27675279007154ED /* Bounds.swift in Sources */,
				675220F2276741EF007154ED /* HomeView.swift in Sources */,
				67760B8827676CAE0006E6EF /* FlipClockView.swift in Sources */,
				6785711A27671D3700C8AFD6 /* RootViewModel.swift in Sources */,
				6752211027675303007154ED /* Container Keys.swift in Sources */,
				67522105276751E9007154ED /* System.swift in Sources */,
				675221092767525D007154ED /* Double.swift in Sources */,
				677054CC2765099F00F01713 /* WisdomCardsApp.swift in Sources */,
			);
			runOnlyForDeploymentPostprocessing = 0;
		};
		677054D9276509A200F01713 /* Sources */ = {
			isa = PBXSourcesBuildPhase;
			buildActionMask = 2147483647;
			files = (
				677054E2276509A200F01713 /* WisdomCardsTests.swift in Sources */,
			);
			runOnlyForDeploymentPostprocessing = 0;
		};
		677054E3276509A200F01713 /* Sources */ = {
			isa = PBXSourcesBuildPhase;
			buildActionMask = 2147483647;
			files = (
				677054EC276509A200F01713 /* WisdomCardsUITests.swift in Sources */,
				677054EE276509A200F01713 /* WisdomCardsUITestsLaunchTests.swift in Sources */,
			);
			runOnlyForDeploymentPostprocessing = 0;
		};
/* End PBXSourcesBuildPhase section */

/* Begin PBXTargetDependency section */
		677054DF276509A200F01713 /* PBXTargetDependency */ = {
			isa = PBXTargetDependency;
			target = 677054C72765099F00F01713 /* WisdomCards */;
			targetProxy = 677054DE276509A200F01713 /* PBXContainerItemProxy */;
		};
		677054E9276509A200F01713 /* PBXTargetDependency */ = {
			isa = PBXTargetDependency;
			target = 677054C72765099F00F01713 /* WisdomCards */;
			targetProxy = 677054E8276509A200F01713 /* PBXContainerItemProxy */;
		};
/* End PBXTargetDependency section */

/* Begin XCBuildConfiguration section */
		677054EF276509A200F01713 /* Debug */ = {
			isa = XCBuildConfiguration;
			buildSettings = {
				ALWAYS_SEARCH_USER_PATHS = NO;
				CLANG_ANALYZER_NONNULL = YES;
				CLANG_ANALYZER_NUMBER_OBJECT_CONVERSION = YES_AGGRESSIVE;
				CLANG_CXX_LANGUAGE_STANDARD = "gnu++17";
				CLANG_CXX_LIBRARY = "libc++";
				CLANG_ENABLE_MODULES = YES;
				CLANG_ENABLE_OBJC_ARC = YES;
				CLANG_ENABLE_OBJC_WEAK = YES;
				CLANG_WARN_BLOCK_CAPTURE_AUTORELEASING = YES;
				CLANG_WARN_BOOL_CONVERSION = YES;
				CLANG_WARN_COMMA = YES;
				CLANG_WARN_CONSTANT_CONVERSION = YES;
				CLANG_WARN_DEPRECATED_OBJC_IMPLEMENTATIONS = YES;
				CLANG_WARN_DIRECT_OBJC_ISA_USAGE = YES_ERROR;
				CLANG_WARN_DOCUMENTATION_COMMENTS = YES;
				CLANG_WARN_EMPTY_BODY = YES;
				CLANG_WARN_ENUM_CONVERSION = YES;
				CLANG_WARN_INFINITE_RECURSION = YES;
				CLANG_WARN_INT_CONVERSION = YES;
				CLANG_WARN_NON_LITERAL_NULL_CONVERSION = YES;
				CLANG_WARN_OBJC_IMPLICIT_RETAIN_SELF = YES;
				CLANG_WARN_OBJC_LITERAL_CONVERSION = YES;
				CLANG_WARN_OBJC_ROOT_CLASS = YES_ERROR;
				CLANG_WARN_QUOTED_INCLUDE_IN_FRAMEWORK_HEADER = YES;
				CLANG_WARN_RANGE_LOOP_ANALYSIS = YES;
				CLANG_WARN_STRICT_PROTOTYPES = YES;
				CLANG_WARN_SUSPICIOUS_MOVE = YES;
				CLANG_WARN_UNGUARDED_AVAILABILITY = YES_AGGRESSIVE;
				CLANG_WARN_UNREACHABLE_CODE = YES;
				CLANG_WARN__DUPLICATE_METHOD_MATCH = YES;
				COPY_PHASE_STRIP = NO;
				DEBUG_INFORMATION_FORMAT = dwarf;
				ENABLE_STRICT_OBJC_MSGSEND = YES;
				ENABLE_TESTABILITY = YES;
				GCC_C_LANGUAGE_STANDARD = gnu11;
				GCC_DYNAMIC_NO_PIC = NO;
				GCC_NO_COMMON_BLOCKS = YES;
				GCC_OPTIMIZATION_LEVEL = 0;
				GCC_PREPROCESSOR_DEFINITIONS = (
					"DEBUG=1",
					"$(inherited)",
				);
				GCC_WARN_64_TO_32_BIT_CONVERSION = YES;
				GCC_WARN_ABOUT_RETURN_TYPE = YES_ERROR;
				GCC_WARN_UNDECLARED_SELECTOR = YES;
				GCC_WARN_UNINITIALIZED_AUTOS = YES_AGGRESSIVE;
				GCC_WARN_UNUSED_FUNCTION = YES;
				GCC_WARN_UNUSED_VARIABLE = YES;
				IPHONEOS_DEPLOYMENT_TARGET = 15.0;
				MTL_ENABLE_DEBUG_INFO = INCLUDE_SOURCE;
				MTL_FAST_MATH = YES;
				ONLY_ACTIVE_ARCH = YES;
				SDKROOT = iphoneos;
				SWIFT_ACTIVE_COMPILATION_CONDITIONS = DEBUG;
				SWIFT_OPTIMIZATION_LEVEL = "-Onone";
			};
			name = Debug;
		};
		677054F0276509A200F01713 /* Release */ = {
			isa = XCBuildConfiguration;
			buildSettings = {
				ALWAYS_SEARCH_USER_PATHS = NO;
				CLANG_ANALYZER_NONNULL = YES;
				CLANG_ANALYZER_NUMBER_OBJECT_CONVERSION = YES_AGGRESSIVE;
				CLANG_CXX_LANGUAGE_STANDARD = "gnu++17";
				CLANG_CXX_LIBRARY = "libc++";
				CLANG_ENABLE_MODULES = YES;
				CLANG_ENABLE_OBJC_ARC = YES;
				CLANG_ENABLE_OBJC_WEAK = YES;
				CLANG_WARN_BLOCK_CAPTURE_AUTORELEASING = YES;
				CLANG_WARN_BOOL_CONVERSION = YES;
				CLANG_WARN_COMMA = YES;
				CLANG_WARN_CONSTANT_CONVERSION = YES;
				CLANG_WARN_DEPRECATED_OBJC_IMPLEMENTATIONS = YES;
				CLANG_WARN_DIRECT_OBJC_ISA_USAGE = YES_ERROR;
				CLANG_WARN_DOCUMENTATION_COMMENTS = YES;
				CLANG_WARN_EMPTY_BODY = YES;
				CLANG_WARN_ENUM_CONVERSION = YES;
				CLANG_WARN_INFINITE_RECURSION = YES;
				CLANG_WARN_INT_CONVERSION = YES;
				CLANG_WARN_NON_LITERAL_NULL_CONVERSION = YES;
				CLANG_WARN_OBJC_IMPLICIT_RETAIN_SELF = YES;
				CLANG_WARN_OBJC_LITERAL_CONVERSION = YES;
				CLANG_WARN_OBJC_ROOT_CLASS = YES_ERROR;
				CLANG_WARN_QUOTED_INCLUDE_IN_FRAMEWORK_HEADER = YES;
				CLANG_WARN_RANGE_LOOP_ANALYSIS = YES;
				CLANG_WARN_STRICT_PROTOTYPES = YES;
				CLANG_WARN_SUSPICIOUS_MOVE = YES;
				CLANG_WARN_UNGUARDED_AVAILABILITY = YES_AGGRESSIVE;
				CLANG_WARN_UNREACHABLE_CODE = YES;
				CLANG_WARN__DUPLICATE_METHOD_MATCH = YES;
				COPY_PHASE_STRIP = NO;
				DEBUG_INFORMATION_FORMAT = "dwarf-with-dsym";
				ENABLE_NS_ASSERTIONS = NO;
				ENABLE_STRICT_OBJC_MSGSEND = YES;
				GCC_C_LANGUAGE_STANDARD = gnu11;
				GCC_NO_COMMON_BLOCKS = YES;
				GCC_WARN_64_TO_32_BIT_CONVERSION = YES;
				GCC_WARN_ABOUT_RETURN_TYPE = YES_ERROR;
				GCC_WARN_UNDECLARED_SELECTOR = YES;
				GCC_WARN_UNINITIALIZED_AUTOS = YES_AGGRESSIVE;
				GCC_WARN_UNUSED_FUNCTION = YES;
				GCC_WARN_UNUSED_VARIABLE = YES;
				IPHONEOS_DEPLOYMENT_TARGET = 15.0;
				MTL_ENABLE_DEBUG_INFO = NO;
				MTL_FAST_MATH = YES;
				SDKROOT = iphoneos;
				SWIFT_COMPILATION_MODE = wholemodule;
				SWIFT_OPTIMIZATION_LEVEL = "-O";
				VALIDATE_PRODUCT = YES;
			};
			name = Release;
		};
		677054F2276509A200F01713 /* Debug */ = {
			isa = XCBuildConfiguration;
			buildSettings = {
				ASSETCATALOG_COMPILER_APPICON_NAME = AppIcon;
				ASSETCATALOG_COMPILER_GLOBAL_ACCENT_COLOR_NAME = AccentColor;
				CODE_SIGN_STYLE = Automatic;
				CURRENT_PROJECT_VERSION = 1;
				DEVELOPMENT_ASSET_PATHS = "\"WisdomCards/Preview Content\"";
				DEVELOPMENT_TEAM = F59A6ZU5Y6;
				ENABLE_PREVIEWS = YES;
				GENERATE_INFOPLIST_FILE = YES;
				INFOPLIST_FILE = WisdomCards/Info.plist;
				INFOPLIST_KEY_UIApplicationSupportsIndirectInputEvents = YES;
				INFOPLIST_KEY_UILaunchScreen_Generation = YES;
				INFOPLIST_KEY_UIRequiresFullScreen = YES;
				INFOPLIST_KEY_UIStatusBarHidden = YES;
				INFOPLIST_KEY_UISupportedInterfaceOrientations = "UIInterfaceOrientationPortrait UIInterfaceOrientationPortraitUpsideDown";
				INFOPLIST_KEY_UISupportedInterfaceOrientations_iPad = "UIInterfaceOrientationPortrait UIInterfaceOrientationPortraitUpsideDown UIInterfaceOrientationLandscapeLeft UIInterfaceOrientationLandscapeRight";
				INFOPLIST_KEY_UISupportedInterfaceOrientations_iPhone = "UIInterfaceOrientationPortrait UIInterfaceOrientationLandscapeLeft UIInterfaceOrientationLandscapeRight";
				LD_RUNPATH_SEARCH_PATHS = (
					"$(inherited)",
					"@executable_path/Frameworks",
				);
				MARKETING_VERSION = 1.0;
				PRODUCT_BUNDLE_IDENTIFIER = com.twentyone24.WisdomCards;
				PRODUCT_NAME = "$(TARGET_NAME)";
				SWIFT_EMIT_LOC_STRINGS = YES;
				SWIFT_VERSION = 5.0;
				TARGETED_DEVICE_FAMILY = "1,2";
			};
			name = Debug;
		};
		677054F3276509A200F01713 /* Release */ = {
			isa = XCBuildConfiguration;
			buildSettings = {
				ASSETCATALOG_COMPILER_APPICON_NAME = AppIcon;
				ASSETCATALOG_COMPILER_GLOBAL_ACCENT_COLOR_NAME = AccentColor;
				CODE_SIGN_STYLE = Automatic;
				CURRENT_PROJECT_VERSION = 1;
				DEVELOPMENT_ASSET_PATHS = "\"WisdomCards/Preview Content\"";
				DEVELOPMENT_TEAM = F59A6ZU5Y6;
				ENABLE_PREVIEWS = YES;
				GENERATE_INFOPLIST_FILE = YES;
				INFOPLIST_FILE = WisdomCards/Info.plist;
				INFOPLIST_KEY_UIApplicationSupportsIndirectInputEvents = YES;
				INFOPLIST_KEY_UILaunchScreen_Generation = YES;
				INFOPLIST_KEY_UIRequiresFullScreen = YES;
				INFOPLIST_KEY_UIStatusBarHidden = YES;
				INFOPLIST_KEY_UISupportedInterfaceOrientations = "UIInterfaceOrientationPortrait UIInterfaceOrientationPortraitUpsideDown";
				INFOPLIST_KEY_UISupportedInterfaceOrientations_iPad = "UIInterfaceOrientationPortrait UIInterfaceOrientationPortraitUpsideDown UIInterfaceOrientationLandscapeLeft UIInterfaceOrientationLandscapeRight";
				INFOPLIST_KEY_UISupportedInterfaceOrientations_iPhone = "UIInterfaceOrientationPortrait UIInterfaceOrientationLandscapeLeft UIInterfaceOrientationLandscapeRight";
				LD_RUNPATH_SEARCH_PATHS = (
					"$(inherited)",
					"@executable_path/Frameworks",
				);
				MARKETING_VERSION = 1.0;
				PRODUCT_BUNDLE_IDENTIFIER = com.twentyone24.WisdomCards;
				PRODUCT_NAME = "$(TARGET_NAME)";
				SWIFT_EMIT_LOC_STRINGS = YES;
				SWIFT_VERSION = 5.0;
				TARGETED_DEVICE_FAMILY = "1,2";
			};
			name = Release;
		};
		677054F5276509A200F01713 /* Debug */ = {
			isa = XCBuildConfiguration;
			buildSettings = {
				ALWAYS_EMBED_SWIFT_STANDARD_LIBRARIES = YES;
				BUNDLE_LOADER = "$(TEST_HOST)";
				CODE_SIGN_STYLE = Automatic;
				CURRENT_PROJECT_VERSION = 1;
				DEVELOPMENT_TEAM = F59A6ZU5Y6;
				GENERATE_INFOPLIST_FILE = YES;
				IPHONEOS_DEPLOYMENT_TARGET = 15.0;
				LD_RUNPATH_SEARCH_PATHS = (
					"$(inherited)",
					"@executable_path/Frameworks",
					"@loader_path/Frameworks",
				);
				MARKETING_VERSION = 1.0;
				PRODUCT_BUNDLE_IDENTIFIER = com.twentyone24.WisdomCardsTests;
				PRODUCT_NAME = "$(TARGET_NAME)";
				SWIFT_EMIT_LOC_STRINGS = NO;
				SWIFT_VERSION = 5.0;
				TARGETED_DEVICE_FAMILY = "1,2";
				TEST_HOST = "$(BUILT_PRODUCTS_DIR)/WisdomCards.app/WisdomCards";
			};
			name = Debug;
		};
		677054F6276509A200F01713 /* Release */ = {
			isa = XCBuildConfiguration;
			buildSettings = {
				ALWAYS_EMBED_SWIFT_STANDARD_LIBRARIES = YES;
				BUNDLE_LOADER = "$(TEST_HOST)";
				CODE_SIGN_STYLE = Automatic;
				CURRENT_PROJECT_VERSION = 1;
				DEVELOPMENT_TEAM = F59A6ZU5Y6;
				GENERATE_INFOPLIST_FILE = YES;
				IPHONEOS_DEPLOYMENT_TARGET = 15.0;
				LD_RUNPATH_SEARCH_PATHS = (
					"$(inherited)",
					"@executable_path/Frameworks",
					"@loader_path/Frameworks",
				);
				MARKETING_VERSION = 1.0;
				PRODUCT_BUNDLE_IDENTIFIER = com.twentyone24.WisdomCardsTests;
				PRODUCT_NAME = "$(TARGET_NAME)";
				SWIFT_EMIT_LOC_STRINGS = NO;
				SWIFT_VERSION = 5.0;
				TARGETED_DEVICE_FAMILY = "1,2";
				TEST_HOST = "$(BUILT_PRODUCTS_DIR)/WisdomCards.app/WisdomCards";
			};
			name = Release;
		};
		677054F8276509A200F01713 /* Debug */ = {
			isa = XCBuildConfiguration;
			buildSettings = {
				ALWAYS_EMBED_SWIFT_STANDARD_LIBRARIES = YES;
				CODE_SIGN_STYLE = Automatic;
				CURRENT_PROJECT_VERSION = 1;
				DEVELOPMENT_TEAM = F59A6ZU5Y6;
				GENERATE_INFOPLIST_FILE = YES;
				LD_RUNPATH_SEARCH_PATHS = (
					"$(inherited)",
					"@executable_path/Frameworks",
					"@loader_path/Frameworks",
				);
				MARKETING_VERSION = 1.0;
				PRODUCT_BUNDLE_IDENTIFIER = com.twentyone24.WisdomCardsUITests;
				PRODUCT_NAME = "$(TARGET_NAME)";
				SWIFT_EMIT_LOC_STRINGS = NO;
				SWIFT_VERSION = 5.0;
				TARGETED_DEVICE_FAMILY = "1,2";
				TEST_TARGET_NAME = WisdomCards;
			};
			name = Debug;
		};
		677054F9276509A200F01713 /* Release */ = {
			isa = XCBuildConfiguration;
			buildSettings = {
				ALWAYS_EMBED_SWIFT_STANDARD_LIBRARIES = YES;
				CODE_SIGN_STYLE = Automatic;
				CURRENT_PROJECT_VERSION = 1;
				DEVELOPMENT_TEAM = F59A6ZU5Y6;
				GENERATE_INFOPLIST_FILE = YES;
				LD_RUNPATH_SEARCH_PATHS = (
					"$(inherited)",
					"@executable_path/Frameworks",
					"@loader_path/Frameworks",
				);
				MARKETING_VERSION = 1.0;
				PRODUCT_BUNDLE_IDENTIFIER = com.twentyone24.WisdomCardsUITests;
				PRODUCT_NAME = "$(TARGET_NAME)";
				SWIFT_EMIT_LOC_STRINGS = NO;
				SWIFT_VERSION = 5.0;
				TARGETED_DEVICE_FAMILY = "1,2";
				TEST_TARGET_NAME = WisdomCards;
			};
			name = Release;
		};
/* End XCBuildConfiguration section */

/* Begin XCConfigurationList section */
		677054C32765099F00F01713 /* Build configuration list for PBXProject "WisdomCards" */ = {
			isa = XCConfigurationList;
			buildConfigurations = (
				677054EF276509A200F01713 /* Debug */,
				677054F0276509A200F01713 /* Release */,
			);
			defaultConfigurationIsVisible = 0;
			defaultConfigurationName = Release;
		};
		677054F1276509A200F01713 /* Build configuration list for PBXNativeTarget "WisdomCards" */ = {
			isa = XCConfigurationList;
			buildConfigurations = (
				677054F2276509A200F01713 /* Debug */,
				677054F3276509A200F01713 /* Release */,
			);
			defaultConfigurationIsVisible = 0;
			defaultConfigurationName = Release;
		};
		677054F4276509A200F01713 /* Build configuration list for PBXNativeTarget "WisdomCardsTests" */ = {
			isa = XCConfigurationList;
			buildConfigurations = (
				677054F5276509A200F01713 /* Debug */,
				677054F6276509A200F01713 /* Release */,
			);
			defaultConfigurationIsVisible = 0;
			defaultConfigurationName = Release;
		};
		677054F7276509A200F01713 /* Build configuration list for PBXNativeTarget "WisdomCardsUITests" */ = {
			isa = XCConfigurationList;
			buildConfigurations = (
				677054F8276509A200F01713 /* Debug */,
				677054F9276509A200F01713 /* Release */,
			);
			defaultConfigurationIsVisible = 0;
			defaultConfigurationName = Release;
		};
/* End XCConfigurationList section */

/* Begin XCRemoteSwiftPackageReference section */
		677BE9CD276701270031F837 /* XCRemoteSwiftPackageReference "OneSignal-iOS-SDK" */ = {
			isa = XCRemoteSwiftPackageReference;
			repositoryURL = "https://github.com/OneSignal/OneSignal-iOS-SDK";
			requirement = {
				kind = upToNextMajorVersion;
				minimumVersion = 3.0.0;
			};
		};
		678570FE27670EE400C8AFD6 /* XCRemoteSwiftPackageReference "firebase-ios-sdk" */ = {
			isa = XCRemoteSwiftPackageReference;
			repositoryURL = "https://github.com/firebase/firebase-ios-sdk";
			requirement = {
				kind = upToNextMajorVersion;
				minimumVersion = 8.0.0;
			};
		};
		67A66C82276724C800BA9945 /* XCRemoteSwiftPackageReference "GoogleSignIn-iOS" */ = {
			isa = XCRemoteSwiftPackageReference;
			repositoryURL = "https://github.com/google/GoogleSignIn-iOS";
			requirement = {
				branch = main;
				kind = branch;
			};
		};
		67F3083D2765C18B00523C38 /* XCRemoteSwiftPackageReference "lottie-ios" */ = {
			isa = XCRemoteSwiftPackageReference;
			repositoryURL = "https://github.com/airbnb/lottie-ios/";
			requirement = {
				kind = upToNextMajorVersion;
				minimumVersion = 3.0.0;
			};
		};
/* End XCRemoteSwiftPackageReference section */

/* Begin XCSwiftPackageProductDependency section */
		677BE9CE276701270031F837 /* OneSignal */ = {
			isa = XCSwiftPackageProductDependency;
			package = 677BE9CD276701270031F837 /* XCRemoteSwiftPackageReference "OneSignal-iOS-SDK" */;
			productName = OneSignal;
		};
		678570FF27670EE400C8AFD6 /* FirebaseAnalytics */ = {
			isa = XCSwiftPackageProductDependency;
			package = 678570FE27670EE400C8AFD6 /* XCRemoteSwiftPackageReference "firebase-ios-sdk" */;
			productName = FirebaseAnalytics;
		};
		6785710127670EE400C8AFD6 /* FirebaseAuth */ = {
			isa = XCSwiftPackageProductDependency;
			package = 678570FE27670EE400C8AFD6 /* XCRemoteSwiftPackageReference "firebase-ios-sdk" */;
			productName = FirebaseAuth;
		};
		6785710327670EE400C8AFD6 /* FirebaseAuthCombine-Community */ = {
			isa = XCSwiftPackageProductDependency;
			package = 678570FE27670EE400C8AFD6 /* XCRemoteSwiftPackageReference "firebase-ios-sdk" */;
			productName = "FirebaseAuthCombine-Community";
		};
		6785710527670EE400C8AFD6 /* FirebaseCrashlytics */ = {
			isa = XCSwiftPackageProductDependency;
			package = 678570FE27670EE400C8AFD6 /* XCRemoteSwiftPackageReference "firebase-ios-sdk" */;
			productName = FirebaseCrashlytics;
		};
		6785710727670EE400C8AFD6 /* FirebaseDynamicLinks */ = {
			isa = XCSwiftPackageProductDependency;
			package = 678570FE27670EE400C8AFD6 /* XCRemoteSwiftPackageReference "firebase-ios-sdk" */;
			productName = FirebaseDynamicLinks;
		};
		6785710927670EE400C8AFD6 /* FirebaseFirestore */ = {
			isa = XCSwiftPackageProductDependency;
			package = 678570FE27670EE400C8AFD6 /* XCRemoteSwiftPackageReference "firebase-ios-sdk" */;
			productName = FirebaseFirestore;
		};
		6785710B27670EE400C8AFD6 /* FirebaseFirestoreCombine-Community */ = {
			isa = XCSwiftPackageProductDependency;
			package = 678570FE27670EE400C8AFD6 /* XCRemoteSwiftPackageReference "firebase-ios-sdk" */;
			productName = "FirebaseFirestoreCombine-Community";
		};
		6785710D27670EE400C8AFD6 /* FirebaseFirestoreSwift-Beta */ = {
			isa = XCSwiftPackageProductDependency;
			package = 678570FE27670EE400C8AFD6 /* XCRemoteSwiftPackageReference "firebase-ios-sdk" */;
			productName = "FirebaseFirestoreSwift-Beta";
		};
		6785710F27670EE400C8AFD6 /* FirebaseInAppMessaging-Beta */ = {
			isa = XCSwiftPackageProductDependency;
			package = 678570FE27670EE400C8AFD6 /* XCRemoteSwiftPackageReference "firebase-ios-sdk" */;
			productName = "FirebaseInAppMessaging-Beta";
		};
		6785711127670EE400C8AFD6 /* FirebaseInAppMessagingSwift-Beta */ = {
			isa = XCSwiftPackageProductDependency;
			package = 678570FE27670EE400C8AFD6 /* XCRemoteSwiftPackageReference "firebase-ios-sdk" */;
			productName = "FirebaseInAppMessagingSwift-Beta";
		};
		6785711327670EE400C8AFD6 /* FirebaseRemoteConfig */ = {
			isa = XCSwiftPackageProductDependency;
			package = 678570FE27670EE400C8AFD6 /* XCRemoteSwiftPackageReference "firebase-ios-sdk" */;
			productName = FirebaseRemoteConfig;
		};
		67A66C83276724C800BA9945 /* GoogleSignIn */ = {
			isa = XCSwiftPackageProductDependency;
			package = 67A66C82276724C800BA9945 /* XCRemoteSwiftPackageReference "GoogleSignIn-iOS" */;
			productName = GoogleSignIn;
		};
		67F3083E2765C18C00523C38 /* Lottie */ = {
			isa = XCSwiftPackageProductDependency;
			package = 67F3083D2765C18B00523C38 /* XCRemoteSwiftPackageReference "lottie-ios" */;
			productName = Lottie;
		};
/* End XCSwiftPackageProductDependency section */

/* Begin XCVersionGroup section */
		677054D6276509A100F01713 /* WisdomCards.xcdatamodeld */ = {
			isa = XCVersionGroup;
			children = (
				677054D7276509A100F01713 /* WisdomCards.xcdatamodel */,
			);
			currentVersion = 677054D7276509A100F01713 /* WisdomCards.xcdatamodel */;
			path = WisdomCards.xcdatamodeld;
			sourceTree = "<group>";
			versionGroupType = wrapper.xcdatamodel;
		};
/* End XCVersionGroup section */
	};
	rootObject = 677054C02765099F00F01713 /* Project object */;
}
